// !$*UTF8*$!
{
	archiveVersion = 1;
	classes = {
	};
	objectVersion = 55;
	objects = {

/* Begin PBXBuildFile section */
		67EB9CB727CABE00002A8F95 /* PDFReaderSwiftUIApp.swift in Sources */ = {isa = PBXBuildFile; fileRef = 67EB9CB627CABE00002A8F95 /* PDFReaderSwiftUIApp.swift */; };
		67EB9CB927CABE00002A8F95 /* ContentView.swift in Sources */ = {isa = PBXBuildFile; fileRef = 67EB9CB827CABE00002A8F95 /* ContentView.swift */; };
		67EB9CBB27CABE01002A8F95 /* Assets.xcassets in Resources */ = {isa = PBXBuildFile; fileRef = 67EB9CBA27CABE01002A8F95 /* Assets.xcassets */; };
		67EB9CBE27CABE01002A8F95 /* Preview Assets.xcassets in Resources */ = {isa = PBXBuildFile; fileRef = 67EB9CBD27CABE01002A8F95 /* Preview Assets.xcassets */; };
		67EB9CC027CABE01002A8F95 /* Persistence.swift in Sources */ = {isa = PBXBuildFile; fileRef = 67EB9CBF27CABE01002A8F95 /* Persistence.swift */; };
		67EB9CC327CABE01002A8F95 /* PDFReaderSwiftUI.xcdatamodeld in Sources */ = {isa = PBXBuildFile; fileRef = 67EB9CC127CABE01002A8F95 /* PDFReaderSwiftUI.xcdatamodeld */; };
		67EB9CCD27CABE01002A8F95 /* PDFReaderSwiftUITests.swift in Sources */ = {isa = PBXBuildFile; fileRef = 67EB9CCC27CABE01002A8F95 /* PDFReaderSwiftUITests.swift */; };
		67EB9CD727CABE01002A8F95 /* PDFReaderSwiftUIUITests.swift in Sources */ = {isa = PBXBuildFile; fileRef = 67EB9CD627CABE01002A8F95 /* PDFReaderSwiftUIUITests.swift */; };
		67EB9CD927CABE01002A8F95 /* PDFReaderSwiftUIUITestsLaunchTests.swift in Sources */ = {isa = PBXBuildFile; fileRef = 67EB9CD827CABE01002A8F95 /* PDFReaderSwiftUIUITestsLaunchTests.swift */; };
		67EB9CE627CABE17002A8F95 /* sample.pdf in Resources */ = {isa = PBXBuildFile; fileRef = 67EB9CE527CABE17002A8F95 /* sample.pdf */; };
/* End PBXBuildFile section */

/* Begin PBXContainerItemProxy section */
		67EB9CC927CABE01002A8F95 /* PBXContainerItemProxy */ = {
			isa = PBXContainerItemProxy;
			containerPortal = 67EB9CAB27CABE00002A8F95 /* Project object */;
			proxyType = 1;
			remoteGlobalIDString = 67EB9CB227CABE00002A8F95;
			remoteInfo = PDFReaderSwiftUI;
		};
		67EB9CD327CABE01002A8F95 /* PBXContainerItemProxy */ = {
			isa = PBXContainerItemProxy;
			containerPortal = 67EB9CAB27CABE00002A8F95 /* Project object */;
			proxyType = 1;
			remoteGlobalIDString = 67EB9CB227CABE00002A8F95;
			remoteInfo = PDFReaderSwiftUI;
		};
/* End PBXContainerItemProxy section */

/* Begin PBXFileReference section */
		67EB9CB327CABE00002A8F95 /* PDFReaderSwiftUI.app */ = {isa = PBXFileReference; explicitFileType = wrapper.application; includeInIndex = 0; path = PDFReaderSwiftUI.app; sourceTree = BUILT_PRODUCTS_DIR; };
		67EB9CB627CABE00002A8F95 /* PDFReaderSwiftUIApp.swift */ = {isa = PBXFileReference; lastKnownFileType = sourcecode.swift; path = PDFReaderSwiftUIApp.swift; sourceTree = "<group>"; };
		67EB9CB827CABE00002A8F95 /* ContentView.swift */ = {isa = PBXFileReference; lastKnownFileType = sourcecode.swift; path = ContentView.swift; sourceTree = "<group>"; };
		67EB9CBA27CABE01002A8F95 /* Assets.xcassets */ = {isa = PBXFileReference; lastKnownFileType = folder.assetcatalog; path = Assets.xcassets; sourceTree = "<group>"; };
		67EB9CBD27CABE01002A8F95 /* Preview Assets.xcassets */ = {isa = PBXFileReference; lastKnownFileType = folder.assetcatalog; path = "Preview Assets.xcassets"; sourceTree = "<group>"; };
		67EB9CBF27CABE01002A8F95 /* Persistence.swift */ = {isa = PBXFileReference; lastKnownFileType = sourcecode.swift; path = Persistence.swift; sourceTree = "<group>"; };
		67EB9CC227CABE01002A8F95 /* PDFReaderSwiftUI.xcdatamodel */ = {isa = PBXFileReference; lastKnownFileType = wrapper.xcdatamodel; path = PDFReaderSwiftUI.xcdatamodel; sourceTree = "<group>"; };
		67EB9CC827CABE01002A8F95 /* PDFReaderSwiftUITests.xctest */ = {isa = PBXFileReference; explicitFileType = wrapper.cfbundle; includeInIndex = 0; path = PDFReaderSwiftUITests.xctest; sourceTree = BUILT_PRODUCTS_DIR; };
		67EB9CCC27CABE01002A8F95 /* PDFReaderSwiftUITests.swift */ = {isa = PBXFileReference; lastKnownFileType = sourcecode.swift; path = PDFReaderSwiftUITests.swift; sourceTree = "<group>"; };
		67EB9CD227CABE01002A8F95 /* PDFReaderSwiftUIUITests.xctest */ = {isa = PBXFileReference; explicitFileType = wrapper.cfbundle; includeInIndex = 0; path = PDFReaderSwiftUIUITests.xctest; sourceTree = BUILT_PRODUCTS_DIR; };
		67EB9CD627CABE01002A8F95 /* PDFReaderSwiftUIUITests.swift */ = {isa = PBXFileReference; lastKnownFileType = sourcecode.swift; path = PDFReaderSwiftUIUITests.swift; sourceTree = "<group>"; };
		67EB9CD827CABE01002A8F95 /* PDFReaderSwiftUIUITestsLaunchTests.swift */ = {isa = PBXFileReference; lastKnownFileType = sourcecode.swift; path = PDFReaderSwiftUIUITestsLaunchTests.swift; sourceTree = "<group>"; };
		67EB9CE527CABE17002A8F95 /* sample.pdf */ = {isa = PBXFileReference; lastKnownFileType = image.pdf; path = sample.pdf; sourceTree = "<group>"; };
/* End PBXFileReference section */

/* Begin PBXFrameworksBuildPhase section */
		67EB9CB027CABE00002A8F95 /* Frameworks */ = {
			isa = PBXFrameworksBuildPhase;
			buildActionMask = 2147483647;
			files = (
			);
			runOnlyForDeploymentPostprocessing = 0;
		};
		67EB9CC527CABE01002A8F95 /* Frameworks */ = {
			isa = PBXFrameworksBuildPhase;
			buildActionMask = 2147483647;
			files = (
			);
			runOnlyForDeploymentPostprocessing = 0;
		};
		67EB9CCF27CABE01002A8F95 /* Frameworks */ = {
			isa = PBXFrameworksBuildPhase;
			buildActionMask = 2147483647;
			files = (
			);
			runOnlyForDeploymentPostprocessing = 0;
		};
/* End PBXFrameworksBuildPhase section */

/* Begin PBXGroup section */
		67EB9CAA27CABE00002A8F95 = {
			isa = PBXGroup;
			children = (
				67EB9CE527CABE17002A8F95 /* sample.pdf */,
				67EB9CB527CABE00002A8F95 /* PDFReaderSwiftUI */,
				67EB9CCB27CABE01002A8F95 /* PDFReaderSwiftUITests */,
				67EB9CD527CABE01002A8F95 /* PDFReaderSwiftUIUITests */,
				67EB9CB427CABE00002A8F95 /* Products */,
			);
			sourceTree = "<group>";
		};
		67EB9CB427CABE00002A8F95 /* Products */ = {
			isa = PBXGroup;
			children = (
				67EB9CB327CABE00002A8F95 /* PDFReaderSwiftUI.app */,
				67EB9CC827CABE01002A8F95 /* PDFReaderSwiftUITests.xctest */,
				67EB9CD227CABE01002A8F95 /* PDFReaderSwiftUIUITests.xctest */,
			);
			name = Products;
			sourceTree = "<group>";
		};
		67EB9CB527CABE00002A8F95 /* PDFReaderSwiftUI */ = {
			isa = PBXGroup;
			children = (
				67EB9CB627CABE00002A8F95 /* PDFReaderSwiftUIApp.swift */,
				67EB9CB827CABE00002A8F95 /* ContentView.swift */,
				67EB9CBA27CABE01002A8F95 /* Assets.xcassets */,
				67EB9CBF27CABE01002A8F95 /* Persistence.swift */,
				67EB9CC127CABE01002A8F95 /* PDFReaderSwiftUI.xcdatamodeld */,
				67EB9CBC27CABE01002A8F95 /* Preview Content */,
			);
			path = PDFReaderSwiftUI;
			sourceTree = "<group>";
		};
		67EB9CBC27CABE01002A8F95 /* Preview Content */ = {
			isa = PBXGroup;
			children = (
				67EB9CBD27CABE01002A8F95 /* Preview Assets.xcassets */,
			);
			path = "Preview Content";
			sourceTree = "<group>";
		};
		67EB9CCB27CABE01002A8F95 /* PDFReaderSwiftUITests */ = {
			isa = PBXGroup;
			children = (
				67EB9CCC27CABE01002A8F95 /* PDFReaderSwiftUITests.swift */,
			);
			path = PDFReaderSwiftUITests;
			sourceTree = "<group>";
		};
		67EB9CD527CABE01002A8F95 /* PDFReaderSwiftUIUITests */ = {
			isa = PBXGroup;
			children = (
				67EB9CD627CABE01002A8F95 /* PDFReaderSwiftUIUITests.swift */,
				67EB9CD827CABE01002A8F95 /* PDFReaderSwiftUIUITestsLaunchTests.swift */,
			);
			path = PDFReaderSwiftUIUITests;
			sourceTree = "<group>";
		};
/* End PBXGroup section */

/* Begin PBXNativeTarget section */
		67EB9CB227CABE00002A8F95 /* PDFReaderSwiftUI */ = {
			isa = PBXNativeTarget;
			buildConfigurationList = 67EB9CDC27CABE01002A8F95 /* Build configuration list for PBXNativeTarget "PDFReaderSwiftUI" */;
			buildPhases = (
				67EB9CAF27CABE00002A8F95 /* Sources */,
				67EB9CB027CABE00002A8F95 /* Frameworks */,
				67EB9CB127CABE00002A8F95 /* Resources */,
			);
			buildRules = (
			);
			dependencies = (
			);
			name = PDFReaderSwiftUI;
			productName = PDFReaderSwiftUI;
			productReference = 67EB9CB327CABE00002A8F95 /* PDFReaderSwiftUI.app */;
			productType = "com.apple.product-type.application";
		};
		67EB9CC727CABE01002A8F95 /* PDFReaderSwiftUITests */ = {
			isa = PBXNativeTarget;
			buildConfigurationList = 67EB9CDF27CABE01002A8F95 /* Build configuration list for PBXNativeTarget "PDFReaderSwiftUITests" */;
			buildPhases = (
				67EB9CC427CABE01002A8F95 /* Sources */,
				67EB9CC527CABE01002A8F95 /* Frameworks */,
				67EB9CC627CABE01002A8F95 /* Resources */,
			);
			buildRules = (
			);
			dependencies = (
				67EB9CCA27CABE01002A8F95 /* PBXTargetDependency */,
			);
			name = PDFReaderSwiftUITests;
			productName = PDFReaderSwiftUITests;
			productReference = 67EB9CC827CABE01002A8F95 /* PDFReaderSwiftUITests.xctest */;
			productType = "com.apple.product-type.bundle.unit-test";
		};
		67EB9CD127CABE01002A8F95 /* PDFReaderSwiftUIUITests */ = {
			isa = PBXNativeTarget;
			buildConfigurationList = 67EB9CE227CABE01002A8F95 /* Build configuration list for PBXNativeTarget "PDFReaderSwiftUIUITests" */;
			buildPhases = (
				67EB9CCE27CABE01002A8F95 /* Sources */,
				67EB9CCF27CABE01002A8F95 /* Frameworks */,
				67EB9CD027CABE01002A8F95 /* Resources */,
			);
			buildRules = (
			);
			dependencies = (
				67EB9CD427CABE01002A8F95 /* PBXTargetDependency */,
			);
			name = PDFReaderSwiftUIUITests;
			productName = PDFReaderSwiftUIUITests;
			productReference = 67EB9CD227CABE01002A8F95 /* PDFReaderSwiftUIUITests.xctest */;
			productType = "com.apple.product-type.bundle.ui-testing";
		};
/* End PBXNativeTarget section */

/* Begin PBXProject section */
		67EB9CAB27CABE00002A8F95 /* Project object */ = {
			isa = PBXProject;
			attributes = {
				BuildIndependentTargetsInParallel = 1;
				LastSwiftUpdateCheck = 1320;
				LastUpgradeCheck = 1320;
				TargetAttributes = {
					67EB9CB227CABE00002A8F95 = {
						CreatedOnToolsVersion = 13.2.1;
					};
					67EB9CC727CABE01002A8F95 = {
						CreatedOnToolsVersion = 13.2.1;
						TestTargetID = 67EB9CB227CABE00002A8F95;
					};
					67EB9CD127CABE01002A8F95 = {
						CreatedOnToolsVersion = 13.2.1;
						TestTargetID = 67EB9CB227CABE00002A8F95;
					};
				};
			};
			buildConfigurationList = 67EB9CAE27CABE00002A8F95 /* Build configuration list for PBXProject "PDFReaderSwiftUI" */;
			compatibilityVersion = "Xcode 13.0";
			developmentRegion = en;
			hasScannedForEncodings = 0;
			knownRegions = (
				en,
				Base,
			);
			mainGroup = 67EB9CAA27CABE00002A8F95;
			productRefGroup = 67EB9CB427CABE00002A8F95 /* Products */;
			projectDirPath = "";
			projectRoot = "";
			targets = (
				67EB9CB227CABE00002A8F95 /* PDFReaderSwiftUI */,
				67EB9CC727CABE01002A8F95 /* PDFReaderSwiftUITests */,
				67EB9CD127CABE01002A8F95 /* PDFReaderSwiftUIUITests */,
			);
		};
/* End PBXProject section */

/* Begin PBXResourcesBuildPhase section */
		67EB9CB127CABE00002A8F95 /* Resources */ = {
			isa = PBXResourcesBuildPhase;
			buildActionMask = 2147483647;
			files = (
				67EB9CBE27CABE01002A8F95 /* Preview Assets.xcassets in Resources */,
				67EB9CBB27CABE01002A8F95 /* Assets.xcassets in Resources */,
				67EB9CE627CABE17002A8F95 /* sample.pdf in Resources */,
			);
			runOnlyForDeploymentPostprocessing = 0;
		};
		67EB9CC627CABE01002A8F95 /* Resources */ = {
			isa = PBXResourcesBuildPhase;
			buildActionMask = 2147483647;
			files = (
			);
			runOnlyForDeploymentPostprocessing = 0;
		};
		67EB9CD027CABE01002A8F95 /* Resources */ = {
			isa = PBXResourcesBuildPhase;
			buildActionMask = 2147483647;
			files = (
			);
			runOnlyForDeploymentPostprocessing = 0;
		};
/* End PBXResourcesBuildPhase section */

/* Begin PBXSourcesBuildPhase section */
		67EB9CAF27CABE00002A8F95 /* Sources */ = {
			isa = PBXSourcesBuildPhase;
			buildActionMask = 2147483647;
			files = (
				67EB9CC027CABE01002A8F95 /* Persistence.swift in Sources */,
				67EB9CC327CABE01002A8F95 /* PDFReaderSwiftUI.xcdatamodeld in Sources */,
				67EB9CB927CABE00002A8F95 /* ContentView.swift in Sources */,
				67EB9CB727CABE00002A8F95 /* PDFReaderSwiftUIApp.swift in Sources */,
			);
			runOnlyForDeploymentPostprocessing = 0;
		};
		67EB9CC427CABE01002A8F95 /* Sources */ = {
			isa = PBXSourcesBuildPhase;
			buildActionMask = 2147483647;
			files = (
				67EB9CCD27CABE01002A8F95 /* PDFReaderSwiftUITests.swift in Sources */,
			);
			runOnlyForDeploymentPostprocessing = 0;
		};
		67EB9CCE27CABE01002A8F95 /* Sources */ = {
			isa = PBXSourcesBuildPhase;
			buildActionMask = 2147483647;
			files = (
				67EB9CD927CABE01002A8F95 /* PDFReaderSwiftUIUITestsLaunchTests.swift in Sources */,
				67EB9CD727CABE01002A8F95 /* PDFReaderSwiftUIUITests.swift in Sources */,
			);
			runOnlyForDeploymentPostprocessing = 0;
		};
/* End PBXSourcesBuildPhase section */

/* Begin PBXTargetDependency section */
		67EB9CCA27CABE01002A8F95 /* PBXTargetDependency */ = {
			isa = PBXTargetDependency;
			target = 67EB9CB227CABE00002A8F95 /* PDFReaderSwiftUI */;
			targetProxy = 67EB9CC927CABE01002A8F95 /* PBXContainerItemProxy */;
		};
		67EB9CD427CABE01002A8F95 /* PBXTargetDependency */ = {
			isa = PBXTargetDependency;
			target = 67EB9CB227CABE00002A8F95 /* PDFReaderSwiftUI */;
			targetProxy = 67EB9CD327CABE01002A8F95 /* PBXContainerItemProxy */;
		};
/* End PBXTargetDependency section */

/* Begin XCBuildConfiguration section */
		67EB9CDA27CABE01002A8F95 /* Debug */ = {
			isa = XCBuildConfiguration;
			buildSettings = {
				ALWAYS_SEARCH_USER_PATHS = NO;
				CLANG_ANALYZER_NONNULL = YES;
				CLANG_ANALYZER_NUMBER_OBJECT_CONVERSION = YES_AGGRESSIVE;
				CLANG_CXX_LANGUAGE_STANDARD = "gnu++17";
				CLANG_CXX_LIBRARY = "libc++";
				CLANG_ENABLE_MODULES = YES;
				CLANG_ENABLE_OBJC_ARC = YES;
				CLANG_ENABLE_OBJC_WEAK = YES;
				CLANG_WARN_BLOCK_CAPTURE_AUTORELEASING = YES;
				CLANG_WARN_BOOL_CONVERSION = YES;
				CLANG_WARN_COMMA = YES;
				CLANG_WARN_CONSTANT_CONVERSION = YES;
				CLANG_WARN_DEPRECATED_OBJC_IMPLEMENTATIONS = YES;
				CLANG_WARN_DIRECT_OBJC_ISA_USAGE = YES_ERROR;
				CLANG_WARN_DOCUMENTATION_COMMENTS = YES;
				CLANG_WARN_EMPTY_BODY = YES;
				CLANG_WARN_ENUM_CONVERSION = YES;
				CLANG_WARN_INFINITE_RECURSION = YES;
				CLANG_WARN_INT_CONVERSION = YES;
				CLANG_WARN_NON_LITERAL_NULL_CONVERSION = YES;
				CLANG_WARN_OBJC_IMPLICIT_RETAIN_SELF = YES;
				CLANG_WARN_OBJC_LITERAL_CONVERSION = YES;
				CLANG_WARN_OBJC_ROOT_CLASS = YES_ERROR;
				CLANG_WARN_QUOTED_INCLUDE_IN_FRAMEWORK_HEADER = YES;
				CLANG_WARN_RANGE_LOOP_ANALYSIS = YES;
				CLANG_WARN_STRICT_PROTOTYPES = YES;
				CLANG_WARN_SUSPICIOUS_MOVE = YES;
				CLANG_WARN_UNGUARDED_AVAILABILITY = YES_AGGRESSIVE;
				CLANG_WARN_UNREACHABLE_CODE = YES;
				CLANG_WARN__DUPLICATE_METHOD_MATCH = YES;
				COPY_PHASE_STRIP = NO;
				DEBUG_INFORMATION_FORMAT = dwarf;
				ENABLE_STRICT_OBJC_MSGSEND = YES;
				ENABLE_TESTABILITY = YES;
				GCC_C_LANGUAGE_STANDARD = gnu11;
				GCC_DYNAMIC_NO_PIC = NO;
				GCC_NO_COMMON_BLOCKS = YES;
				GCC_OPTIMIZATION_LEVEL = 0;
				GCC_PREPROCESSOR_DEFINITIONS = (
					"DEBUG=1",
					"$(inherited)",
				);
				GCC_WARN_64_TO_32_BIT_CONVERSION = YES;
				GCC_WARN_ABOUT_RETURN_TYPE = YES_ERROR;
				GCC_WARN_UNDECLARED_SELECTOR = YES;
				GCC_WARN_UNINITIALIZED_AUTOS = YES_AGGRESSIVE;
				GCC_WARN_UNUSED_FUNCTION = YES;
				GCC_WARN_UNUSED_VARIABLE = YES;
				IPHONEOS_DEPLOYMENT_TARGET = 15.2;
				MTL_ENABLE_DEBUG_INFO = INCLUDE_SOURCE;
				MTL_FAST_MATH = YES;
				ONLY_ACTIVE_ARCH = YES;
				SDKROOT = iphoneos;
				SWIFT_ACTIVE_COMPILATION_CONDITIONS = DEBUG;
				SWIFT_OPTIMIZATION_LEVEL = "-Onone";
			};
			name = Debug;
		};
		67EB9CDB27CABE01002A8F95 /* Release */ = {
			isa = XCBuildConfiguration;
			buildSettings = {
				ALWAYS_SEARCH_USER_PATHS = NO;
				CLANG_ANALYZER_NONNULL = YES;
				CLANG_ANALYZER_NUMBER_OBJECT_CONVERSION = YES_AGGRESSIVE;
				CLANG_CXX_LANGUAGE_STANDARD = "gnu++17";
				CLANG_CXX_LIBRARY = "libc++";
				CLANG_ENABLE_MODULES = YES;
				CLANG_ENABLE_OBJC_ARC = YES;
				CLANG_ENABLE_OBJC_WEAK = YES;
				CLANG_WARN_BLOCK_CAPTURE_AUTORELEASING = YES;
				CLANG_WARN_BOOL_CONVERSION = YES;
				CLANG_WARN_COMMA = YES;
				CLANG_WARN_CONSTANT_CONVERSION = YES;
				CLANG_WARN_DEPRECATED_OBJC_IMPLEMENTATIONS = YES;
				CLANG_WARN_DIRECT_OBJC_ISA_USAGE = YES_ERROR;
				CLANG_WARN_DOCUMENTATION_COMMENTS = YES;
				CLANG_WARN_EMPTY_BODY = YES;
				CLANG_WARN_ENUM_CONVERSION = YES;
				CLANG_WARN_INFINITE_RECURSION = YES;
				CLANG_WARN_INT_CONVERSION = YES;
				CLANG_WARN_NON_LITERAL_NULL_CONVERSION = YES;
				CLANG_WARN_OBJC_IMPLICIT_RETAIN_SELF = YES;
				CLANG_WARN_OBJC_LITERAL_CONVERSION = YES;
				CLANG_WARN_OBJC_ROOT_CLASS = YES_ERROR;
				CLANG_WARN_QUOTED_INCLUDE_IN_FRAMEWORK_HEADER = YES;
				CLANG_WARN_RANGE_LOOP_ANALYSIS = YES;
				CLANG_WARN_STRICT_PROTOTYPES = YES;
				CLANG_WARN_SUSPICIOUS_MOVE = YES;
				CLANG_WARN_UNGUARDED_AVAILABILITY = YES_AGGRESSIVE;
				CLANG_WARN_UNREACHABLE_CODE = YES;
				CLANG_WARN__DUPLICATE_METHOD_MATCH = YES;
				COPY_PHASE_STRIP = NO;
				DEBUG_INFORMATION_FORMAT = "dwarf-with-dsym";
				ENABLE_NS_ASSERTIONS = NO;
				ENABLE_STRICT_OBJC_MSGSEND = YES;
				GCC_C_LANGUAGE_STANDARD = gnu11;
				GCC_NO_COMMON_BLOCKS = YES;
				GCC_WARN_64_TO_32_BIT_CONVERSION = YES;
				GCC_WARN_ABOUT_RETURN_TYPE = YES_ERROR;
				GCC_WARN_UNDECLARED_SELECTOR = YES;
				GCC_WARN_UNINITIALIZED_AUTOS = YES_AGGRESSIVE;
				GCC_WARN_UNUSED_FUNCTION = YES;
				GCC_WARN_UNUSED_VARIABLE = YES;
				IPHONEOS_DEPLOYMENT_TARGET = 15.2;
				MTL_ENABLE_DEBUG_INFO = NO;
				MTL_FAST_MATH = YES;
				SDKROOT = iphoneos;
				SWIFT_COMPILATION_MODE = wholemodule;
				SWIFT_OPTIMIZATION_LEVEL = "-O";
				VALIDATE_PRODUCT = YES;
			};
			name = Release;
		};
		67EB9CDD27CABE01002A8F95 /* Debug */ = {
			isa = XCBuildConfiguration;
			buildSettings = {
				ASSETCATALOG_COMPILER_APPICON_NAME = AppIcon;
				ASSETCATALOG_COMPILER_GLOBAL_ACCENT_COLOR_NAME = AccentColor;
				CODE_SIGN_STYLE = Automatic;
				CURRENT_PROJECT_VERSION = 1;
				DEVELOPMENT_ASSET_PATHS = "\"PDFReaderSwiftUI/Preview Content\"";
				DEVELOPMENT_TEAM = DVTJF2SJJN;
				ENABLE_PREVIEWS = YES;
				GENERATE_INFOPLIST_FILE = YES;
				INFOPLIST_KEY_UIApplicationSceneManifest_Generation = YES;
				INFOPLIST_KEY_UIApplicationSupportsIndirectInputEvents = YES;
				INFOPLIST_KEY_UILaunchScreen_Generation = YES;
				INFOPLIST_KEY_UISupportedInterfaceOrientations_iPad = "UIInterfaceOrientationPortrait UIInterfaceOrientationPortraitUpsideDown UIInterfaceOrientationLandscapeLeft UIInterfaceOrientationLandscapeRight";
				INFOPLIST_KEY_UISupportedInterfaceOrientations_iPhone = "UIInterfaceOrientationPortrait UIInterfaceOrientationLandscapeLeft UIInterfaceOrientationLandscapeRight";
				LD_RUNPATH_SEARCH_PATHS = (
					"$(inherited)",
					"@executable_path/Frameworks",
				);
				MARKETING_VERSION = 1.0;
				PRODUCT_BUNDLE_IDENTIFIER = com.sminrana.pdfswiftui.PDFReaderSwiftUI;
				PRODUCT_NAME = "$(TARGET_NAME)";
				SWIFT_EMIT_LOC_STRINGS = YES;
				SWIFT_VERSION = 5.0;
				TARGETED_DEVICE_FAMILY = "1,2";
			};
			name = Debug;
		};
		67EB9CDE27CABE01002A8F95 /* Release */ = {
			isa = XCBuildConfiguration;
			buildSettings = {
				ASSETCATALOG_COMPILER_APPICON_NAME = AppIcon;
				ASSETCATALOG_COMPILER_GLOBAL_ACCENT_COLOR_NAME = AccentColor;
				CODE_SIGN_STYLE = Automatic;
				CURRENT_PROJECT_VERSION = 1;
				DEVELOPMENT_ASSET_PATHS = "\"PDFReaderSwiftUI/Preview Content\"";
				DEVELOPMENT_TEAM = DVTJF2SJJN;
				ENABLE_PREVIEWS = YES;
				GENERATE_INFOPLIST_FILE = YES;
				INFOPLIST_KEY_UIApplicationSceneManifest_Generation = YES;
				INFOPLIST_KEY_UIApplicationSupportsIndirectInputEvents = YES;
				INFOPLIST_KEY_UILaunchScreen_Generation = YES;
				INFOPLIST_KEY_UISupportedInterfaceOrientations_iPad = "UIInterfaceOrientationPortrait UIInterfaceOrientationPortraitUpsideDown UIInterfaceOrientationLandscapeLeft UIInterfaceOrientationLandscapeRight";
				INFOPLIST_KEY_UISupportedInterfaceOrientations_iPhone = "UIInterfaceOrientationPortrait UIInterfaceOrientationLandscapeLeft UIInterfaceOrientationLandscapeRight";
				LD_RUNPATH_SEARCH_PATHS = (
					"$(inherited)",
					"@executable_path/Frameworks",
				);
				MARKETING_VERSION = 1.0;
				PRODUCT_BUNDLE_IDENTIFIER = com.sminrana.pdfswiftui.PDFReaderSwiftUI;
				PRODUCT_NAME = "$(TARGET_NAME)";
				SWIFT_EMIT_LOC_STRINGS = YES;
				SWIFT_VERSION = 5.0;
				TARGETED_DEVICE_FAMILY = "1,2";
			};
			name = Release;
		};
		67EB9CE027CABE01002A8F95 /* Debug */ = {
			isa = XCBuildConfiguration;
			buildSettings = {
				ALWAYS_EMBED_SWIFT_STANDARD_LIBRARIES = YES;
				BUNDLE_LOADER = "$(TEST_HOST)";
				CODE_SIGN_STYLE = Automatic;
				CURRENT_PROJECT_VERSION = 1;
				DEVELOPMENT_TEAM = DVTJF2SJJN;
				GENERATE_INFOPLIST_FILE = YES;
				IPHONEOS_DEPLOYMENT_TARGET = 15.2;
				MARKETING_VERSION = 1.0;
				PRODUCT_BUNDLE_IDENTIFIER = com.sminrana.pdfswiftui.PDFReaderSwiftUITests;
				PRODUCT_NAME = "$(TARGET_NAME)";
				SWIFT_EMIT_LOC_STRINGS = NO;
				SWIFT_VERSION = 5.0;
				TARGETED_DEVICE_FAMILY = "1,2";
				TEST_HOST = "$(BUILT_PRODUCTS_DIR)/PDFReaderSwiftUI.app/PDFReaderSwiftUI";
			};
			name = Debug;
		};
		67EB9CE127CABE01002A8F95 /* Release */ = {
			isa = XCBuildConfiguration;
			buildSettings = {
				ALWAYS_EMBED_SWIFT_STANDARD_LIBRARIES = YES;
				BUNDLE_LOADER = "$(TEST_HOST)";
				CODE_SIGN_STYLE = Automatic;
				CURRENT_PROJECT_VERSION = 1;
				DEVELOPMENT_TEAM = DVTJF2SJJN;
				GENERATE_INFOPLIST_FILE = YES;
				IPHONEOS_DEPLOYMENT_TARGET = 15.2;
				MARKETING_VERSION = 1.0;
				PRODUCT_BUNDLE_IDENTIFIER = com.sminrana.pdfswiftui.PDFReaderSwiftUITests;
				PRODUCT_NAME = "$(TARGET_NAME)";
				SWIFT_EMIT_LOC_STRINGS = NO;
				SWIFT_VERSION = 5.0;
				TARGETED_DEVICE_FAMILY = "1,2";
				TEST_HOST = "$(BUILT_PRODUCTS_DIR)/PDFReaderSwiftUI.app/PDFReaderSwiftUI";
			};
			name = Release;
		};
		67EB9CE327CABE01002A8F95 /* Debug */ = {
			isa = XCBuildConfiguration;
			buildSettings = {
				ALWAYS_EMBED_SWIFT_STANDARD_LIBRARIES = YES;
				CODE_SIGN_STYLE = Automatic;
				CURRENT_PROJECT_VERSION = 1;
				DEVELOPMENT_TEAM = DVTJF2SJJN;
				GENERATE_INFOPLIST_FILE = YES;
				MARKETING_VERSION = 1.0;
				PRODUCT_BUNDLE_IDENTIFIER = com.sminrana.pdfswiftui.PDFReaderSwiftUIUITests;
				PRODUCT_NAME = "$(TARGET_NAME)";
				SWIFT_EMIT_LOC_STRINGS = NO;
				SWIFT_VERSION = 5.0;
				TARGETED_DEVICE_FAMILY = "1,2";
				TEST_TARGET_NAME = PDFReaderSwiftUI;
			};
			name = Debug;
		};
		67EB9CE427CABE01002A8F95 /* Release */ = {
			isa = XCBuildConfiguration;
			buildSettings = {
				ALWAYS_EMBED_SWIFT_STANDARD_LIBRARIES = YES;
				CODE_SIGN_STYLE = Automatic;
				CURRENT_PROJECT_VERSION = 1;
				DEVELOPMENT_TEAM = DVTJF2SJJN;
				GENERATE_INFOPLIST_FILE = YES;
				MARKETING_VERSION = 1.0;
				PRODUCT_BUNDLE_IDENTIFIER = com.sminrana.pdfswiftui.PDFReaderSwiftUIUITests;
				PRODUCT_NAME = "$(TARGET_NAME)";
				SWIFT_EMIT_LOC_STRINGS = NO;
				SWIFT_VERSION = 5.0;
				TARGETED_DEVICE_FAMILY = "1,2";
				TEST_TARGET_NAME = PDFReaderSwiftUI;
			};
			name = Release;
		};
/* End XCBuildConfiguration section */

/* Begin XCConfigurationList section */
		67EB9CAE27CABE00002A8F95 /* Build configuration list for PBXProject "PDFReaderSwiftUI" */ = {
			isa = XCConfigurationList;
			buildConfigurations = (
				67EB9CDA27CABE01002A8F95 /* Debug */,
				67EB9CDB27CABE01002A8F95 /* Release */,
			);
			defaultConfigurationIsVisible = 0;
			defaultConfigurationName = Release;
		};
		67EB9CDC27CABE01002A8F95 /* Build configuration list for PBXNativeTarget "PDFReaderSwiftUI" */ = {
			isa = XCConfigurationList;
			buildConfigurations = (
				67EB9CDD27CABE01002A8F95 /* Debug */,
				67EB9CDE27CABE01002A8F95 /* Release */,
			);
			defaultConfigurationIsVisible = 0;
			defaultConfigurationName = Release;
		};
		67EB9CDF27CABE01002A8F95 /* Build configuration list for PBXNativeTarget "PDFReaderSwiftUITests" */ = {
			isa = XCConfigurationList;
			buildConfigurations = (
				67EB9CE027CABE01002A8F95 /* Debug */,
				67EB9CE127CABE01002A8F95 /* Release */,
			);
			defaultConfigurationIsVisible = 0;
			defaultConfigurationName = Release;
		};
		67EB9CE227CABE01002A8F95 /* Build configuration list for PBXNativeTarget "PDFReaderSwiftUIUITests" */ = {
			isa = XCConfigurationList;
			buildConfigurations = (
				67EB9CE327CABE01002A8F95 /* Debug */,
				67EB9CE427CABE01002A8F95 /* Release */,
			);
			defaultConfigurationIsVisible = 0;
			defaultConfigurationName = Release;
		};
/* End XCConfigurationList section */

/* Begin XCVersionGroup section */
		67EB9CC127CABE01002A8F95 /* PDFReaderSwiftUI.xcdatamodeld */ = {
			isa = XCVersionGroup;
			children = (
				67EB9CC227CABE01002A8F95 /* PDFReaderSwiftUI.xcdatamodel */,
			);
			currentVersion = 67EB9CC227CABE01002A8F95 /* PDFReaderSwiftUI.xcdatamodel */;
			path = PDFReaderSwiftUI.xcdatamodeld;
			sourceTree = "<group>";
			versionGroupType = wrapper.xcdatamodel;
		};
/* End XCVersionGroup section */
	};
	rootObject = 67EB9CAB27CABE00002A8F95 /* Project object */;
}
